{
  "name": "caasio_v2",
  "version": "1.0.0",
  "lockfileVersion": 2,
  "requires": true,
  "packages": {
    "": {
      "version": "1.0.0",
      "license": "ISC",
      "dependencies": {
        "acorn": "*"
      }
    },
    "node_modules/acorn": {
      "version": "8.1.0",
      "resolved": "https://registry.npmjs.org/acorn/-/acorn-8.1.0.tgz",
      "integrity": "sha512-LWCF/Wn0nfHOmJ9rzQApGnxnvgfROzGilS8936rqN/lfcYkY9MYZzdMqN+2NJ4SlTc+m5HiSa+kNfDtI64dwUA==",
      "bin": {
        "acorn": "bin/acorn"
      },
      "engines": {
        "node": ">=0.4.0"
      }
    }
  },
  "dependencies": {
    "acorn": {
      "version": "8.1.0",
      "resolved": "https://registry.npmjs.org/acorn/-/acorn-8.1.0.tgz",
      "integrity": "sha512-LWCF/Wn0nfHOmJ9rzQApGnxnvgfROzGilS8936rqN/lfcYkY9MYZzdMqN+2NJ4SlTc+m5HiSa+kNfDtI64dwUA=="
    }
  }
}
